<?xml version="1.0" encoding="utf-8"?>
<Project ToolsVersion="4.0" xmlns="http://schemas.microsoft.com/developer/msbuild/2003">
  <ItemGroup>
    <ClCompile Include="glad.c" />
    <ClCompile Include="EBO.cpp">
      <Filter>Modules</Filter>
    </ClCompile>
    <ClCompile Include="Mesh.cpp">
      <Filter>Modules</Filter>
    </ClCompile>
    <ClCompile Include="Main.cpp">
      <Filter>Modules</Filter>
    </ClCompile>
    <ClCompile Include="Object.cpp">
      <Filter>Modules</Filter>
    </ClCompile>
    <ClCompile Include="Render.cpp">
      <Filter>Modules</Filter>
    </ClCompile>
    <ClCompile Include="stb.cpp">
      <Filter>Modules</Filter>
    </ClCompile>
    <ClCompile Include="VAO.cpp">
      <Filter>Modules</Filter>
    </ClCompile>
    <ClCompile Include="VBO.cpp">
      <Filter>Modules</Filter>
    </ClCompile>
    <ClCompile Include="System.cpp">
      <Filter>Modules</Filter>
    </ClCompile>
    <ClCompile Include="Camera.cpp">
      <Filter>Modules</Filter>
    </ClCompile>
    <ClCompile Include="Shaders.cpp">
      <Filter>Modules</Filter>
    </ClCompile>
    <ClCompile Include="Textures.cpp">
      <Filter>Modules</Filter>
    </ClCompile>
    <ClCompile Include="Lines\geometry_shader_lines.cpp">
      <Filter>Modules</Filter>
    </ClCompile>
    <ClCompile Include="GUI.cpp">
      <Filter>Modules</Filter>
    </ClCompile>
    <ClCompile Include="imgui\imgui.cpp" />
    <ClCompile Include="imgui\imgui_demo.cpp" />
    <ClCompile Include="imgui\imgui_draw.cpp" />
    <ClCompile Include="imgui\imgui_impl_glfw.cpp" />
    <ClCompile Include="imgui\imgui_impl_opengl3.cpp" />
    <ClCompile Include="imgui\imgui_tables.cpp" />
    <ClCompile Include="imgui\imgui_widgets.cpp" />
  </ItemGroup>
  <ItemGroup>
    <ClInclude Include="EBO.h">
      <Filter>Headers</Filter>
    </ClInclude>
    <ClInclude Include="VAO.h">
      <Filter>Headers</Filter>
    </ClInclude>
    <ClInclude Include="VBO.h">
      <Filter>Headers</Filter>
    </ClInclude>
    <ClInclude Include="Mesh.h">
      <Filter>Headers</Filter>
    </ClInclude>
    <ClInclude Include="Object.h">
      <Filter>Headers</Filter>
    </ClInclude>
    <ClInclude Include="Render.h">
      <Filter>Headers</Filter>
    </ClInclude>
    <ClInclude Include="System.h">
      <Filter>Headers</Filter>
    </ClInclude>
    <ClInclude Include="Camera.h">
      <Filter>Headers</Filter>
    </ClInclude>
    <ClInclude Include="Shaders.h">
      <Filter>Headers</Filter>
    </ClInclude>
    <ClInclude Include="Textures.h">
      <Filter>Headers</Filter>
    </ClInclude>
    <ClInclude Include="Libraries\include\Lines\extern\msh_argparse.h">
      <Filter>Line Stuff</Filter>
    </ClInclude>
    <ClInclude Include="Libraries\include\Lines\extern\msh_camera.h">
      <Filter>Line Stuff</Filter>
    </ClInclude>
    <ClInclude Include="Libraries\include\Lines\extern\msh_vec_math.h">
      <Filter>Line Stuff</Filter>
    </ClInclude>
    <ClInclude Include="Libraries\include\Lines\extern\msh_std.h">
      <Filter>Line Stuff</Filter>
    </ClInclude>
    <ClInclude Include="Lines\geometry_shader_lines.h">
      <Filter>Headers</Filter>
    </ClInclude>
    <ClInclude Include="D:\HDD Downloads\gl_utils.h">
      <Filter>Headers</Filter>
    </ClInclude>
    <ClInclude Include="GUI.h">
      <Filter>Headers</Filter>
    </ClInclude>
  </ItemGroup>
  <ItemGroup>
    <None Include="debug.frag">
      <Filter>Shaders</Filter>
    </None>
    <None Include="debug.vert">
      <Filter>Shaders</Filter>
    </None>
    <None Include="default.frag">
      <Filter>Shaders</Filter>
    </None>
    <None Include="default.vert">
      <Filter>Shaders</Filter>
    </None>
    <None Include="depth.frag">
      <Filter>Shaders</Filter>
    </None>
    <None Include="depth.vert">
      <Filter>Shaders</Filter>
    </None>
    <None Include="light.frag">
      <Filter>Shaders</Filter>
    </None>
    <None Include="light.vert">
      <Filter>Shaders</Filter>
    </None>
    <None Include="skybox.frag">
      <Filter>Shaders</Filter>
    </None>
    <None Include="skybox.vert">
      <Filter>Shaders</Filter>
    </None>
    <None Include="geoLine.vert">
      <Filter>Shaders</Filter>
    </None>
    <None Include="geoLine.geo">
      <Filter>Shaders</Filter>
    </None>
    <None Include="geoLine.frag">
      <Filter>Shaders</Filter>
    </None>
    <None Include="imgui\imgui.natstepfilter" />
  </ItemGroup>
  <ItemGroup>
    <Filter Include="Shaders">
      <UniqueIdentifier>{1b85b672-88fb-42a9-91ef-d7e30137e562}</UniqueIdentifier>
    </Filter>
    <Filter Include="Headers">
      <UniqueIdentifier>{c55df191-66c0-45f7-8125-85e36b14caa4}</UniqueIdentifier>
    </Filter>
    <Filter Include="Modules">
      <UniqueIdentifier>{6a339010-7d99-4a3b-ab0e-2b30ad185e21}</UniqueIdentifier>
    </Filter>
    <Filter Include="Line Stuff">
      <UniqueIdentifier>{daeb4daf-d77b-4adf-ab65-70d2fe596378}</UniqueIdentifier>
    </Filter>
  </ItemGroup>
  <ItemGroup>
    <Natvis Include="imgui\imgui.natvis" />
  </ItemGroup>
</Project>